{
  "name": "example",
  "version": "1.0.0",
  "lockfileVersion": 2,
  "requires": true,
  "packages": {
    "": {
      "name": "example",
      "version": "1.0.0",
      "license": "MIT",
      "dependencies": {
        "enka-network-api": "file:.."
      }
    },
    "..": {
      "version": "1.5.2",
      "hasInstallScript": true,
      "license": "MIT",
      "dependencies": {
        "request": "^2.88.2",
        "unzipper": "^0.10.11"
      },
      "devDependencies": {
        "@types/request": "^2.48.8"
      }
    },
    "node_modules/enka-network-api": {
      "resolved": "..",
      "link": true
    }
  },
  "dependencies": {
    "enka-network-api": {
      "version": "file:..",
      "requires": {
        "@types/request": "^2.48.8",
        "request": "^2.88.2",
        "unzipper": "^0.10.11"
      }
    }
  }
}
