{
  "name": "example",
  "version": "1.0.0",
  "lockfileVersion": 2,
  "requires": true,
  "packages": {
    "": {
      "name": "example",
      "version": "1.0.0",
      "license": "MIT",
      "dependencies": {
        "enka-network-api": "file:.."
      }
    },
    "..": {
      "version": "1.5.2",
      "hasInstallScript": true,
      "license": "MIT",
      "dependencies": {
        "node-fetch": "^2.6.7"
      }
    },
    "node_modules/enka-network-api": {
      "resolved": "..",
      "link": true
    }
  },
  "dependencies": {
    "enka-network-api": {
      "version": "file:..",
      "requires": {
        "node-fetch": "^2.6.7"
      }
    }
  }
}
